
Microsoft Visual Studio Solution File, Format Version 12.00
# Visual Studio Version 17
VisualStudioVersion = 17.9.34728.123
MinimumVisualStudioVersion = 10.0.40219.1
Project("{FAE04EC0-301F-11D3-BF4B-00C04F79EFBC}") = "GrupoF.PantallaPrototipo.Borrador", "GrupoF.PantallaPrototipo.Borrador.csproj", "{7452E776-1921-4A96-B7AC-83E90C21E02E}"
EndProject
Global
	GlobalSection(SolutionConfigurationPlatforms) = preSolution
		Debug|Any CPU = Debug|Any CPU
		Release|Any CPU = Release|Any CPU
	EndGlobalSection
	GlobalSection(ProjectConfigurationPlatforms) = postSolution
		{7452E776-1921-4A96-B7AC-83E90C21E02E}.Debug|Any CPU.ActiveCfg = Debug|Any CPU
		{7452E776-1921-4A96-B7AC-83E90C21E02E}.Debug|Any CPU.Build.0 = Debug|Any CPU
		{7452E776-1921-4A96-B7AC-83E90C21E02E}.Release|Any CPU.ActiveCfg = Release|Any CPU
		{7452E776-1921-4A96-B7AC-83E90C21E02E}.Release|Any CPU.Build.0 = Release|Any CPU
	EndGlobalSection
	GlobalSection(SolutionProperties) = preSolution
		HideSolutionNode = FALSE
	EndGlobalSection
	GlobalSection(ExtensibilityGlobals) = postSolution
		SolutionGuid = {81853B4C-BE0F-45E6-9F40-7A9E6FFA8D4A}
	EndGlobalSection
EndGlobal
